
Microsoft Visual Studio Solution File, Format Version 12.00
# Visual Studio 2012
Project("{FAE04EC0-301F-11D3-BF4B-00C04F79EFBC}") = "Sample Website", "Sample Website\Sample Website.csproj", "{83B7A4EE-0B83-4052-952A-E85EA9ECCDC2}"
EndProject
Project("{FAE04EC0-301F-11D3-BF4B-00C04F79EFBC}") = "MT.Net Core", "Core\MT.Net Core.csproj", "{5A8EFD09-0562-4994-A928-7824FFAEF207}"
EndProject
Global
	GlobalSection(SolutionConfigurationPlatforms) = preSolution
		Debug|Any CPU = Debug|Any CPU
		Release|Any CPU = Release|Any CPU
	EndGlobalSection
	GlobalSection(ProjectConfigurationPlatforms) = postSolution
		{83B7A4EE-0B83-4052-952A-E85EA9ECCDC2}.Debug|Any CPU.ActiveCfg = Debug|Any CPU
		{83B7A4EE-0B83-4052-952A-E85EA9ECCDC2}.Debug|Any CPU.Build.0 = Debug|Any CPU
		{83B7A4EE-0B83-4052-952A-E85EA9ECCDC2}.Release|Any CPU.ActiveCfg = Release|Any CPU
		{83B7A4EE-0B83-4052-952A-E85EA9ECCDC2}.Release|Any CPU.Build.0 = Release|Any CPU
		{5A8EFD09-0562-4994-A928-7824FFAEF207}.Debug|Any CPU.ActiveCfg = Debug|Any CPU
		{5A8EFD09-0562-4994-A928-7824FFAEF207}.Debug|Any CPU.Build.0 = Debug|Any CPU
		{5A8EFD09-0562-4994-A928-7824FFAEF207}.Release|Any CPU.ActiveCfg = Release|Any CPU
		{5A8EFD09-0562-4994-A928-7824FFAEF207}.Release|Any CPU.Build.0 = Release|Any CPU
	EndGlobalSection
	GlobalSection(SolutionProperties) = preSolution
		HideSolutionNode = FALSE
	EndGlobalSection
EndGlobal
